
Microsoft Visual Studio Solution File, Format Version 12.00
# Visual Studio Version 17
VisualStudioVersion = 17.7.34018.315
MinimumVisualStudioVersion = 10.0.40219.1
Project("{2150E333-8FDC-42A3-9474-1A3956D46DE8}") = "src", "src", "{DD37D598-1A3B-4C7A-B7AA-CFC5A25A1ECA}"
EndProject
Project("{2150E333-8FDC-42A3-9474-1A3956D46DE8}") = "Domain", "Domain", "{0DFA3946-19AF-488B-B697-27A0841EE19B}"
EndProject
Project("{2150E333-8FDC-42A3-9474-1A3956D46DE8}") = "Infrastructure", "Infrastructure", "{E90E9B23-9047-493A-90CB-FC111F136318}"
EndProject
Project("{2150E333-8FDC-42A3-9474-1A3956D46DE8}") = "Web", "Web", "{ADBFEDC0-0009-44A0-B7B1-164CE6CF12C9}"
EndProject
Project("{2150E333-8FDC-42A3-9474-1A3956D46DE8}") = "Application", "Application", "{4E9CBE8F-95F2-4166-AED9-9D12472862B8}"
EndProject
Project("{FAE04EC0-301F-11D3-BF4B-00C04F79EFBC}") = "Application", "Application\Application.csproj", "{5B0618DF-B212-4D52-9B91-F4F62EC39F08}"
EndProject
Project("{FAE04EC0-301F-11D3-BF4B-00C04F79EFBC}") = "Domain", "Domain\Domain.csproj", "{0D6CC020-1F6B-43CB-8FE6-5B98A17F1F8C}"
EndProject
Project("{FAE04EC0-301F-11D3-BF4B-00C04F79EFBC}") = "Infrastructure", "Infrastructure\Infrastructure.csproj", "{AD2C4A28-E478-4909-B3B5-2D7D8B698877}"
EndProject
Project("{FAE04EC0-301F-11D3-BF4B-00C04F79EFBC}") = "Web", "Web\Web.csproj", "{F1347386-EEE4-4792-BEEA-4A3EF2C62FAB}"
EndProject
Global
	GlobalSection(SolutionConfigurationPlatforms) = preSolution
		Debug|Any CPU = Debug|Any CPU
		Release|Any CPU = Release|Any CPU
	EndGlobalSection
	GlobalSection(ProjectConfigurationPlatforms) = postSolution
		{5B0618DF-B212-4D52-9B91-F4F62EC39F08}.Debug|Any CPU.ActiveCfg = Debug|Any CPU
		{5B0618DF-B212-4D52-9B91-F4F62EC39F08}.Debug|Any CPU.Build.0 = Debug|Any CPU
		{5B0618DF-B212-4D52-9B91-F4F62EC39F08}.Release|Any CPU.ActiveCfg = Release|Any CPU
		{5B0618DF-B212-4D52-9B91-F4F62EC39F08}.Release|Any CPU.Build.0 = Release|Any CPU
		{0D6CC020-1F6B-43CB-8FE6-5B98A17F1F8C}.Debug|Any CPU.ActiveCfg = Debug|Any CPU
		{0D6CC020-1F6B-43CB-8FE6-5B98A17F1F8C}.Debug|Any CPU.Build.0 = Debug|Any CPU
		{0D6CC020-1F6B-43CB-8FE6-5B98A17F1F8C}.Release|Any CPU.ActiveCfg = Release|Any CPU
		{0D6CC020-1F6B-43CB-8FE6-5B98A17F1F8C}.Release|Any CPU.Build.0 = Release|Any CPU
		{AD2C4A28-E478-4909-B3B5-2D7D8B698877}.Debug|Any CPU.ActiveCfg = Debug|Any CPU
		{AD2C4A28-E478-4909-B3B5-2D7D8B698877}.Debug|Any CPU.Build.0 = Debug|Any CPU
		{AD2C4A28-E478-4909-B3B5-2D7D8B698877}.Release|Any CPU.ActiveCfg = Release|Any CPU
		{AD2C4A28-E478-4909-B3B5-2D7D8B698877}.Release|Any CPU.Build.0 = Release|Any CPU
		{F1347386-EEE4-4792-BEEA-4A3EF2C62FAB}.Debug|Any CPU.ActiveCfg = Debug|Any CPU
		{F1347386-EEE4-4792-BEEA-4A3EF2C62FAB}.Debug|Any CPU.Build.0 = Debug|Any CPU
		{F1347386-EEE4-4792-BEEA-4A3EF2C62FAB}.Release|Any CPU.ActiveCfg = Release|Any CPU
		{F1347386-EEE4-4792-BEEA-4A3EF2C62FAB}.Release|Any CPU.Build.0 = Release|Any CPU
	EndGlobalSection
	GlobalSection(SolutionProperties) = preSolution
		HideSolutionNode = FALSE
	EndGlobalSection
	GlobalSection(NestedProjects) = preSolution
		{0DFA3946-19AF-488B-B697-27A0841EE19B} = {DD37D598-1A3B-4C7A-B7AA-CFC5A25A1ECA}
		{E90E9B23-9047-493A-90CB-FC111F136318} = {DD37D598-1A3B-4C7A-B7AA-CFC5A25A1ECA}
		{ADBFEDC0-0009-44A0-B7B1-164CE6CF12C9} = {DD37D598-1A3B-4C7A-B7AA-CFC5A25A1ECA}
		{4E9CBE8F-95F2-4166-AED9-9D12472862B8} = {DD37D598-1A3B-4C7A-B7AA-CFC5A25A1ECA}
		{5B0618DF-B212-4D52-9B91-F4F62EC39F08} = {4E9CBE8F-95F2-4166-AED9-9D12472862B8}
		{0D6CC020-1F6B-43CB-8FE6-5B98A17F1F8C} = {0DFA3946-19AF-488B-B697-27A0841EE19B}
		{AD2C4A28-E478-4909-B3B5-2D7D8B698877} = {E90E9B23-9047-493A-90CB-FC111F136318}
		{F1347386-EEE4-4792-BEEA-4A3EF2C62FAB} = {ADBFEDC0-0009-44A0-B7B1-164CE6CF12C9}
	EndGlobalSection
	GlobalSection(ExtensibilityGlobals) = postSolution
		SolutionGuid = {EBB95CD5-FA6B-4648-84C1-AD6A8C44FEAC}
	EndGlobalSection
EndGlobal
